
Microsoft Visual Studio Solution File, Format Version 12.00
# Visual Studio Version 17
VisualStudioVersion = 17.8.34525.116
MinimumVisualStudioVersion = 10.0.40219.1
Project("{FAE04EC0-301F-11D3-BF4B-00C04F79EFBC}") = "ejerccio4_clase5", "ejerccio4_clase5\ejerccio4_clase5.csproj", "{79EC9469-C1A4-43A5-AC02-9FCC99649D2A}"
EndProject
Global
	GlobalSection(SolutionConfigurationPlatforms) = preSolution
		Debug|Any CPU = Debug|Any CPU
		Release|Any CPU = Release|Any CPU
	EndGlobalSection
	GlobalSection(ProjectConfigurationPlatforms) = postSolution
		{79EC9469-C1A4-43A5-AC02-9FCC99649D2A}.Debug|Any CPU.ActiveCfg = Debug|Any CPU
		{79EC9469-C1A4-43A5-AC02-9FCC99649D2A}.Debug|Any CPU.Build.0 = Debug|Any CPU
		{79EC9469-C1A4-43A5-AC02-9FCC99649D2A}.Release|Any CPU.ActiveCfg = Release|Any CPU
		{79EC9469-C1A4-43A5-AC02-9FCC99649D2A}.Release|Any CPU.Build.0 = Release|Any CPU
	EndGlobalSection
	GlobalSection(SolutionProperties) = preSolution
		HideSolutionNode = FALSE
	EndGlobalSection
	GlobalSection(ExtensibilityGlobals) = postSolution
		SolutionGuid = {22AEE574-F003-4B16-B56D-857AC4831BF7}
	EndGlobalSection
EndGlobal
